// !$*UTF8*$!
{
	archiveVersion = 1;
	classes = {
	};
	objectVersion = 60;
	objects = {

/* Begin PBXBuildFile section */
		AF313ACAFA58581FAE8A2687 /* KeepAwakeDuration.swift in Sources */ = {isa = PBXBuildFile; fileRef = E730416A2A4C58AC80A3C3F5 /* KeepAwakeDuration.swift */; };
		2E62F018CCD55F9FB4011873 /* PrivilegedPmsetRunner.swift in Sources */ = {isa = PBXBuildFile; fileRef = 5A02BF4685955D5CBB6CAFC7 /* PrivilegedPmsetRunner.swift */; };
		2FE09606E8F751E7A19A7B3A /* PmsetPrivilegeInstaller.swift in Sources */ = {isa = PBXBuildFile; fileRef = CEDFBDCEEAFD5117B43A975A /* PmsetPrivilegeInstaller.swift */; };
		CBAAB3EA0CC95FCC97695DC5 /* KeepAwakeSafetyMonitor.swift in Sources */ = {isa = PBXBuildFile; fileRef = 243BCB38F31C53AEB8564280 /* KeepAwakeSafetyMonitor.swift */; };
		1DA37202228552758770A874 /* AgentActivityWatcher.swift in Sources */ = {isa = PBXBuildFile; fileRef = 21B4D485372F594BBDD82787 /* AgentActivityWatcher.swift */; };
		30771A439BA359D8916413CF /* KeepAwakeManager.swift in Sources */ = {isa = PBXBuildFile; fileRef = D310B6E2303D56758A29C52A /* KeepAwakeManager.swift */; };
		BBBB4C50637B55E49608F66B /* StayAwakeControlsView.swift in Sources */ = {isa = PBXBuildFile; fileRef = A301B04810025ECE8A395E35 /* StayAwakeControlsView.swift */; };
		843BE8CCB161590C964C8E31 /* StayAwakeChipView.swift in Sources */ = {isa = PBXBuildFile; fileRef = 8010B4705E6D594C8521253E /* StayAwakeChipView.swift */; };
		C7A1E2B04D9F4188A6E31C20 /* MenuBarHoverButton.swift in Sources */ = {isa = PBXBuildFile; fileRef = D4F8A9C12B7E4056A1D93E77 /* MenuBarHoverButton.swift */; };
		0930A02223CF1F9B042D557B /* WindowSwitcher.swift in Sources */ = {isa = PBXBuildFile; fileRef = FE4D926371366F489FFD85F1 /* WindowSwitcher.swift */; };
		0A1B2C3D4E5F60718293A4B /* WindowVisitHistory.swift in Sources */ = {isa = PBXBuildFile; fileRef = 1A2B3C4D5E6F708192A3B4C /* WindowVisitHistory.swift */; };
		0B1C2D3E4F5061728394A6B /* WindowUsageStore.swift in Sources */ = {isa = PBXBuildFile; fileRef = 1C2D3E4F5061728394A5B7 /* WindowUsageStore.swift */; };
		0B1C2D3E4F5061728394A5B /* WindowHistoryHUD.swift in Sources */ = {isa = PBXBuildFile; fileRef = 2B3C4D5E6F708192A3B4C5D /* WindowHistoryHUD.swift */; };
		0E4F5061728394A5B6C7D8E /* WindowSlotOutcome.swift in Sources */ = {isa = PBXBuildFile; fileRef = 4E5F60718293A4B5C6D7E8F /* WindowSlotOutcome.swift */; };
		0F5061728394A5B6C7D8E9F /* WindowSlotHUD.swift in Sources */ = {isa = PBXBuildFile; fileRef = 5F60718293A4B5C6D7E8F90 /* WindowSlotHUD.swift */; };
		105061728394A5B6C7D8E9FA /* SettingsRootView.swift in Sources */ = {isa = PBXBuildFile; fileRef = A1B2C3D4E5F60718293A4B5 /* SettingsRootView.swift */; };
		1161728394A5B6C7D8E9FAB /* FeaturesSettingsView.swift in Sources */ = {isa = PBXBuildFile; fileRef = B2C3D4E5F60718293A4B5C6 /* FeaturesSettingsView.swift */; };
		11C7D8E9FAB0C1D2E3F405 /* PermissionsSettingsView.swift in Sources */ = {isa = PBXBuildFile; fileRef = C7D8E9FAB0C1D2E3F40516 /* PermissionsSettingsView.swift */; };
		11728394A5B6C7D8E9FAB0C /* DeadWindowsView.swift in Sources */ = {isa = PBXBuildFile; fileRef = B3C4D5E6F60718293A4B5C7 /* DeadWindowsView.swift */; };
		118394A5B6C7D8E9FAB0C1D /* HeatmapView.swift in Sources */ = {isa = PBXBuildFile; fileRef = B4C5D6E7F60718293A4B5C8 /* HeatmapView.swift */; };
		1194A5B6C7D8E9FAB0C1D2E /* HeatmapWindowConfigurator.swift in Sources */ = {isa = PBXBuildFile; fileRef = B5C6D7E8F60718293A4B5C9 /* HeatmapWindowConfigurator.swift */; };
		11B6C7D8E9FAB0C1D2E3F4 /* DeadWindowsWindowConfigurator.swift in Sources */ = {isa = PBXBuildFile; fileRef = B7C8D9E0F60718293A4B5CB /* DeadWindowsWindowConfigurator.swift */; };
		11A5B6C7D8E9FAB0C1D2E3F /* HeatmapSettingsView.swift in Sources */ = {isa = PBXBuildFile; fileRef = B6C7D8E9F60718293A4B5CA /* HeatmapSettingsView.swift */; };
		12728394A5B6C7D8E9FAB0 /* ShortcutRecorderButton.swift in Sources */ = {isa = PBXBuildFile; fileRef = C3D4E5F60718293A4B5C6D7 /* ShortcutRecorderButton.swift */; };
		138394A5B6C7D8E9FAB012 /* SettingsTabViews.swift in Sources */ = {isa = PBXBuildFile; fileRef = D4E5F60718293A4B5C6D7E8 /* SettingsTabViews.swift */; };
		1494A5B6C7D8E9FAB01234 /* KeyboardShortcutBinding.swift in Sources */ = {isa = PBXBuildFile; fileRef = E5F60718293A4B5C6D7E8F9 /* KeyboardShortcutBinding.swift */; };
		15A5B6C7D8E9FAB0123456 /* SettingsWindowConfigurator.swift in Sources */ = {isa = PBXBuildFile; fileRef = 6B7C8D9E0F1121314151617 /* SettingsWindowConfigurator.swift */; };
		16B6C7D8E9FAB012345678 /* WindowSlotAssignmentSheet.swift in Sources */ = {isa = PBXBuildFile; fileRef = 7C8D9E0F11213141516171 /* WindowSlotAssignmentSheet.swift */; };
		6A7B8C9D0E1F20314253649 /* WindowLensTests.swift in Sources */ = {isa = PBXBuildFile; fileRef = 69C2CC8A3992ED9799146F57 /* WindowLensTests.swift */; };
		0931EEC0C52390AE9E797073 /* WindowCache.swift in Sources */ = {isa = PBXBuildFile; fileRef = 1E43D000BA543AF7D69C78F5 /* WindowCache.swift */; };
		0C2D3E4F5061728394A5B6C /* WindowNumberRegistry.swift in Sources */ = {isa = PBXBuildFile; fileRef = 2C3D4E5F60718293A4B5C6D /* WindowNumberRegistry.swift */; };
		0D3E4F5061728394A5B6C7D /* WindowSlotBadge.swift in Sources */ = {isa = PBXBuildFile; fileRef = 3D4E5F60718293A4B5C6D7E /* WindowSlotBadge.swift */; };
		0F1808F8FD199FE89121B7CC /* PermissionManager.swift in Sources */ = {isa = PBXBuildFile; fileRef = 1E028C9EC24B0418472AA627 /* PermissionManager.swift */; };
		15B3B8F46D582E01317A2FF7 /* WindowRowView.swift in Sources */ = {isa = PBXBuildFile; fileRef = F8EA6DF769431C0C5DDFC955 /* WindowRowView.swift */; };
		207A2B9D93B266930E9C294E /* WindowPreviewService.swift in Sources */ = {isa = PBXBuildFile; fileRef = 57D4165D0E9E57A814445FBA /* WindowPreviewService.swift */; };
		223D0687DB4E0155E2EF225C /* WindowModel.swift in Sources */ = {isa = PBXBuildFile; fileRef = BB9249671D07DFF1473F9781 /* WindowModel.swift */; };
		299C6ED5ECEDFAC5D78EB1E4 /* WindowEnumerator.swift in Sources */ = {isa = PBXBuildFile; fileRef = 44C04B4F3B756302E855D76F /* WindowEnumerator.swift */; };
		2D6470F3FB0E0265CE885B91 /* AppTileView.swift in Sources */ = {isa = PBXBuildFile; fileRef = 7A8BD25C09D59564BBE63E8D /* AppTileView.swift */; };
		2DF710A816A757B1B1CCC720 /* SwitcherPanel.swift in Sources */ = {isa = PBXBuildFile; fileRef = F63A44ADB5EB2CB2B0E4E746 /* SwitcherPanel.swift */; };
		33B599227A0EC5498D535D87 /* UserPreferences.swift in Sources */ = {isa = PBXBuildFile; fileRef = 319162BA4FDF5C82AA38CAEA /* UserPreferences.swift */; };
		4A4F9AACC771955C7D353523 /* ApplicationModel.swift in Sources */ = {isa = PBXBuildFile; fileRef = 4429A92708777E9122C51FDD /* ApplicationModel.swift */; };
		50163D671F411C729E61E6E2 /* SwitcherPanelManager.swift in Sources */ = {isa = PBXBuildFile; fileRef = 68539B9259FF9F54C4480455 /* SwitcherPanelManager.swift */; };
		634377283106F541F1F85290 /* ModifierKeyTracker.swift in Sources */ = {isa = PBXBuildFile; fileRef = FF8E5B954CA3BE01A7054453 /* ModifierKeyTracker.swift */; };
		762E887BB320487D408DB72A /* SearchResultsListView.swift in Sources */ = {isa = PBXBuildFile; fileRef = EE2A205CFAFC6ABF061E4362 /* SearchResultsListView.swift */; };
		774E5EC3EB80A43B0E8FABB2 /* WindowLensApp.swift in Sources */ = {isa = PBXBuildFile; fileRef = 5944484C670B2047C9756146 /* WindowLensApp.swift */; };
		84BC301C10F29D18980E96A5 /* AppGridView.swift in Sources */ = {isa = PBXBuildFile; fileRef = D399F35B0D527A537AA238C8 /* AppGridView.swift */; };
		8A1330565C0C617C5847D6C6 /* SearchBarView.swift in Sources */ = {isa = PBXBuildFile; fileRef = CD092CDD7E60592BDB2CCBA6 /* SearchBarView.swift */; };
		9EC4D1A473C5AF596C3DA409 /* AppDelegate.swift in Sources */ = {isa = PBXBuildFile; fileRef = 45B0C675B8CD00748D4C339F /* AppDelegate.swift */; };
		A78BBBEFFB3B8A0F64D87CF1 /* FuzzyMatcher.swift in Sources */ = {isa = PBXBuildFile; fileRef = BAF871667971FE98A6B67BBA /* FuzzyMatcher.swift */; };
		ACF3E0CE2027FE0DA9A044F7 /* Assets.xcassets in Resources */ = {isa = PBXBuildFile; fileRef = 686F81C9B7376DBDFD5E3C93 /* Assets.xcassets */; };
		AE1E924BEEE8458B7744FCB1 /* SwitcherView.swift in Sources */ = {isa = PBXBuildFile; fileRef = 1016019BF84431C6A6F38F3C /* SwitcherView.swift */; };
		AECA69A969D0BF2D11EA568B /* GlassBackground.swift in Sources */ = {isa = PBXBuildFile; fileRef = 3F30A3155D9DB846F43F2B34 /* GlassBackground.swift */; };
		AF0AFD2C17472D0530CE75E3 /* KeyboardEventTap.swift in Sources */ = {isa = PBXBuildFile; fileRef = D823A03FC81EF1179E0D8BA9 /* KeyboardEventTap.swift */; };
		B1E79636147A9890613055F6 /* WindowListView.swift in Sources */ = {isa = PBXBuildFile; fileRef = 520A3F505409ED23ED5C22A9 /* WindowListView.swift */; };
		C3610C149F5507A74D22654F /* AXWindowHelper.swift in Sources */ = {isa = PBXBuildFile; fileRef = 4C9A605EE7A5A11BC7D76F8A /* AXWindowHelper.swift */; };
		WF0C0B51D6E2F40100A1B2C3 /* WindowFocusBridge.swift in Sources */ = {isa = PBXBuildFile; fileRef = WF0C0B50D6E2F40100A1B2C3 /* WindowFocusBridge.swift */; };
		WF0C0B55D6E2F40100A1B2C3 /* SpaceMissionOrder.swift in Sources */ = {isa = PBXBuildFile; fileRef = WF0C0B54D6E2F40100A1B2C3 /* SpaceMissionOrder.swift */; };
		C915A37C47AD4E15AF2E7B05 /* ResourceMonitorView.swift in Sources */ = {isa = PBXBuildFile; fileRef = 08B313704DC040E4FAEFE403 /* ResourceMonitorView.swift */; };
		CD49C36D2FC8E30900E921C0 /* DockProcessSwitcherObserver.swift in Sources */ = {isa = PBXBuildFile; fileRef = CD49C36C2FC8E30900E921C0 /* DockProcessSwitcherObserver.swift */; };
		CD49C36F2FC8F89E00E921C0 /* PreviewIdentity.swift in Sources */ = {isa = PBXBuildFile; fileRef = CD49C36E2FC8F89E00E921C0 /* PreviewIdentity.swift */; };
		CD49C3712FCA149400E921C0 /* PermissionOnboardingViewModel.swift in Sources */ = {isa = PBXBuildFile; fileRef = CD49C3702FCA149400E921C0 /* PermissionOnboardingViewModel.swift */; };
		CD49C3732FCA14A900E921C0 /* PermissionOnboardingView.swift in Sources */ = {isa = PBXBuildFile; fileRef = CD49C3722FCA14A900E921C0 /* PermissionOnboardingView.swift */; };
		D28DD456AD806A4E4BD919AF /* AppIcon.icns in Resources */ = {isa = PBXBuildFile; fileRef = DB98C7EC8C47A3A89E4293AF /* AppIcon.icns */; };
		D93681A52B15106EFD23A136 /* CircularProgressRing.swift in Sources */ = {isa = PBXBuildFile; fileRef = B4E08258B64673399D814024 /* CircularProgressRing.swift */; };
		D95155DC059D1EF5C943FAE3 /* OllamaClient.swift in Sources */ = {isa = PBXBuildFile; fileRef = FABD8057C72320563339BBD5 /* OllamaClient.swift */; };
		EABA9C55A9C0853604140D22 /* ProcessResourceMonitor.swift in Sources */ = {isa = PBXBuildFile; fileRef = 59A242FB207BE266B280D4F2 /* ProcessResourceMonitor.swift */; };
		FCBE066DB7D0E9CD8C45D201 /* AppState.swift in Sources */ = {isa = PBXBuildFile; fileRef = FE222D814A9B0F3B619130C8 /* AppState.swift */; };
		CD49C3762FCA14AB00E921C0 /* WLLog.swift in Sources */ = {isa = PBXBuildFile; fileRef = CD49C3752FCA14AB00E921C0 /* WLLog.swift */; };
/* End PBXBuildFile section */

/* Begin PBXFileReference section */
		E730416A2A4C58AC80A3C3F5 /* KeepAwakeDuration.swift */ = {isa = PBXFileReference; lastKnownFileType = sourcecode.swift; path = KeepAwakeDuration.swift; sourceTree = "<group>"; };
		5A02BF4685955D5CBB6CAFC7 /* PrivilegedPmsetRunner.swift */ = {isa = PBXFileReference; lastKnownFileType = sourcecode.swift; path = PrivilegedPmsetRunner.swift; sourceTree = "<group>"; };
		CEDFBDCEEAFD5117B43A975A /* PmsetPrivilegeInstaller.swift */ = {isa = PBXFileReference; lastKnownFileType = sourcecode.swift; path = PmsetPrivilegeInstaller.swift; sourceTree = "<group>"; };
		243BCB38F31C53AEB8564280 /* KeepAwakeSafetyMonitor.swift */ = {isa = PBXFileReference; lastKnownFileType = sourcecode.swift; path = KeepAwakeSafetyMonitor.swift; sourceTree = "<group>"; };
		21B4D485372F594BBDD82787 /* AgentActivityWatcher.swift */ = {isa = PBXFileReference; lastKnownFileType = sourcecode.swift; path = AgentActivityWatcher.swift; sourceTree = "<group>"; };
		D310B6E2303D56758A29C52A /* KeepAwakeManager.swift */ = {isa = PBXFileReference; lastKnownFileType = sourcecode.swift; path = KeepAwakeManager.swift; sourceTree = "<group>"; };
		A301B04810025ECE8A395E35 /* StayAwakeControlsView.swift */ = {isa = PBXFileReference; lastKnownFileType = sourcecode.swift; path = StayAwakeControlsView.swift; sourceTree = "<group>"; };
		8010B4705E6D594C8521253E /* StayAwakeChipView.swift */ = {isa = PBXFileReference; lastKnownFileType = sourcecode.swift; path = StayAwakeChipView.swift; sourceTree = "<group>"; };
		D4F8A9C12B7E4056A1D93E77 /* MenuBarHoverButton.swift */ = {isa = PBXFileReference; lastKnownFileType = sourcecode.swift; path = MenuBarHoverButton.swift; sourceTree = "<group>"; };
		08B313704DC040E4FAEFE403 /* ResourceMonitorView.swift */ = {isa = PBXFileReference; lastKnownFileType = sourcecode.swift; path = ResourceMonitorView.swift; sourceTree = "<group>"; };
		0B1D454865BA86143195A78A /* WindowLens.entitlements */ = {isa = PBXFileReference; lastKnownFileType = text.plist.entitlements; path = WindowLens.entitlements; sourceTree = "<group>"; };
		1016019BF84431C6A6F38F3C /* SwitcherView.swift */ = {isa = PBXFileReference; lastKnownFileType = sourcecode.swift; path = SwitcherView.swift; sourceTree = "<group>"; };
		1E028C9EC24B0418472AA627 /* PermissionManager.swift */ = {isa = PBXFileReference; lastKnownFileType = sourcecode.swift; path = PermissionManager.swift; sourceTree = "<group>"; };
		1E43D000BA543AF7D69C78F5 /* WindowCache.swift */ = {isa = PBXFileReference; lastKnownFileType = sourcecode.swift; path = WindowCache.swift; sourceTree = "<group>"; };
		2C3D4E5F60718293A4B5C6D /* WindowNumberRegistry.swift */ = {isa = PBXFileReference; lastKnownFileType = sourcecode.swift; path = WindowNumberRegistry.swift; sourceTree = "<group>"; };
		3D4E5F60718293A4B5C6D7E /* WindowSlotBadge.swift */ = {isa = PBXFileReference; lastKnownFileType = sourcecode.swift; path = WindowSlotBadge.swift; sourceTree = "<group>"; };
		1A2B3C4D5E6F708192A3B4C /* WindowVisitHistory.swift */ = {isa = PBXFileReference; lastKnownFileType = sourcecode.swift; path = WindowVisitHistory.swift; sourceTree = "<group>"; };
		1C2D3E4F5061728394A5B7 /* WindowUsageStore.swift */ = {isa = PBXFileReference; lastKnownFileType = sourcecode.swift; path = WindowUsageStore.swift; sourceTree = "<group>"; };
		2B3C4D5E6F708192A3B4C5D /* WindowHistoryHUD.swift */ = {isa = PBXFileReference; lastKnownFileType = sourcecode.swift; path = WindowHistoryHUD.swift; sourceTree = "<group>"; };
		319162BA4FDF5C82AA38CAEA /* UserPreferences.swift */ = {isa = PBXFileReference; lastKnownFileType = sourcecode.swift; path = UserPreferences.swift; sourceTree = "<group>"; };
		3F30A3155D9DB846F43F2B34 /* GlassBackground.swift */ = {isa = PBXFileReference; lastKnownFileType = sourcecode.swift; path = GlassBackground.swift; sourceTree = "<group>"; };
		4429A92708777E9122C51FDD /* ApplicationModel.swift */ = {isa = PBXFileReference; lastKnownFileType = sourcecode.swift; path = ApplicationModel.swift; sourceTree = "<group>"; };
		4E5F60718293A4B5C6D7E8F /* WindowSlotOutcome.swift */ = {isa = PBXFileReference; lastKnownFileType = sourcecode.swift; path = WindowSlotOutcome.swift; sourceTree = "<group>"; };
		44C04B4F3B756302E855D76F /* WindowEnumerator.swift */ = {isa = PBXFileReference; lastKnownFileType = sourcecode.swift; path = WindowEnumerator.swift; sourceTree = "<group>"; };
		44D5452060360EC52161C078 /* WindowLens.app */ = {isa = PBXFileReference; explicitFileType = wrapper.application; includeInIndex = 0; path = WindowLens.app; sourceTree = BUILT_PRODUCTS_DIR; };
		45B0C675B8CD00748D4C339F /* AppDelegate.swift */ = {isa = PBXFileReference; lastKnownFileType = sourcecode.swift; path = AppDelegate.swift; sourceTree = "<group>"; };
		4C9A605EE7A5A11BC7D76F8A /* AXWindowHelper.swift */ = {isa = PBXFileReference; lastKnownFileType = sourcecode.swift; path = AXWindowHelper.swift; sourceTree = "<group>"; };
		WF0C0B50D6E2F40100A1B2C3 /* WindowFocusBridge.swift */ = {isa = PBXFileReference; lastKnownFileType = sourcecode.swift; path = WindowFocusBridge.swift; sourceTree = "<group>"; };
		WF0C0B54D6E2F40100A1B2C3 /* SpaceMissionOrder.swift */ = {isa = PBXFileReference; lastKnownFileType = sourcecode.swift; path = SpaceMissionOrder.swift; sourceTree = "<group>"; };
		520A3F505409ED23ED5C22A9 /* WindowListView.swift */ = {isa = PBXFileReference; lastKnownFileType = sourcecode.swift; path = WindowListView.swift; sourceTree = "<group>"; };
		57D4165D0E9E57A814445FBA /* WindowPreviewService.swift */ = {isa = PBXFileReference; lastKnownFileType = sourcecode.swift; path = WindowPreviewService.swift; sourceTree = "<group>"; };
		5944484C670B2047C9756146 /* WindowLensApp.swift */ = {isa = PBXFileReference; lastKnownFileType = sourcecode.swift; path = WindowLensApp.swift; sourceTree = "<group>"; };
		5F60718293A4B5C6D7E8F90 /* WindowSlotHUD.swift */ = {isa = PBXFileReference; lastKnownFileType = sourcecode.swift; path = WindowSlotHUD.swift; sourceTree = "<group>"; };
		A1B2C3D4E5F60718293A4B5 /* SettingsRootView.swift */ = {isa = PBXFileReference; lastKnownFileType = sourcecode.swift; path = SettingsRootView.swift; sourceTree = "<group>"; };
		B2C3D4E5F60718293A4B5C6 /* FeaturesSettingsView.swift */ = {isa = PBXFileReference; lastKnownFileType = sourcecode.swift; path = FeaturesSettingsView.swift; sourceTree = "<group>"; };
		C7D8E9FAB0C1D2E3F40516 /* PermissionsSettingsView.swift */ = {isa = PBXFileReference; lastKnownFileType = sourcecode.swift; path = PermissionsSettingsView.swift; sourceTree = "<group>"; };
		B3C4D5E6F60718293A4B5C7 /* DeadWindowsView.swift */ = {isa = PBXFileReference; lastKnownFileType = sourcecode.swift; path = DeadWindowsView.swift; sourceTree = "<group>"; };
		B4C5D6E7F60718293A4B5C8 /* HeatmapView.swift */ = {isa = PBXFileReference; lastKnownFileType = sourcecode.swift; path = HeatmapView.swift; sourceTree = "<group>"; };
		B5C6D7E8F60718293A4B5C9 /* HeatmapWindowConfigurator.swift */ = {isa = PBXFileReference; lastKnownFileType = sourcecode.swift; path = HeatmapWindowConfigurator.swift; sourceTree = "<group>"; };
		B7C8D9E0F60718293A4B5CB /* DeadWindowsWindowConfigurator.swift */ = {isa = PBXFileReference; lastKnownFileType = sourcecode.swift; path = DeadWindowsWindowConfigurator.swift; sourceTree = "<group>"; };
		B6C7D8E9F60718293A4B5CA /* HeatmapSettingsView.swift */ = {isa = PBXFileReference; lastKnownFileType = sourcecode.swift; path = HeatmapSettingsView.swift; sourceTree = "<group>"; };
		C3D4E5F60718293A4B5C6D7 /* ShortcutRecorderButton.swift */ = {isa = PBXFileReference; lastKnownFileType = sourcecode.swift; path = ShortcutRecorderButton.swift; sourceTree = "<group>"; };
		D4E5F60718293A4B5C6D7E8 /* SettingsTabViews.swift */ = {isa = PBXFileReference; lastKnownFileType = sourcecode.swift; path = SettingsTabViews.swift; sourceTree = "<group>"; };
		E5F60718293A4B5C6D7E8F9 /* KeyboardShortcutBinding.swift */ = {isa = PBXFileReference; lastKnownFileType = sourcecode.swift; path = KeyboardShortcutBinding.swift; sourceTree = "<group>"; };
		6B7C8D9E0F1121314151617 /* SettingsWindowConfigurator.swift */ = {isa = PBXFileReference; lastKnownFileType = sourcecode.swift; path = SettingsWindowConfigurator.swift; sourceTree = "<group>"; };
		7C8D9E0F11213141516171 /* WindowSlotAssignmentSheet.swift */ = {isa = PBXFileReference; lastKnownFileType = sourcecode.swift; path = WindowSlotAssignmentSheet.swift; sourceTree = "<group>"; };
		59A242FB207BE266B280D4F2 /* ProcessResourceMonitor.swift */ = {isa = PBXFileReference; lastKnownFileType = sourcecode.swift; path = ProcessResourceMonitor.swift; sourceTree = "<group>"; };
		5EB2E50392FFD5A5D5A660B4 /* Info.plist */ = {isa = PBXFileReference; lastKnownFileType = text.plist.xml; path = Info.plist; sourceTree = "<group>"; };
		65C7FE39C23020BCF9989E36 /* generate-icon.swift */ = {isa = PBXFileReference; lastKnownFileType = sourcecode.swift; path = "generate-icon.swift"; sourceTree = "<group>"; };
		68539B9259FF9F54C4480455 /* SwitcherPanelManager.swift */ = {isa = PBXFileReference; lastKnownFileType = sourcecode.swift; path = SwitcherPanelManager.swift; sourceTree = "<group>"; };
		686F81C9B7376DBDFD5E3C93 /* Assets.xcassets */ = {isa = PBXFileReference; lastKnownFileType = folder.assetcatalog; path = Assets.xcassets; sourceTree = "<group>"; };
		69C2CC8A3992ED9799146F57 /* WindowLensTests.swift */ = {isa = PBXFileReference; lastKnownFileType = sourcecode.swift; path = WindowLensTests.swift; sourceTree = "<group>"; };
		6A7B8C9D0E1F20314253648 /* WindowLensTests.xctest */ = {isa = PBXFileReference; explicitFileType = wrapper.cfbundle; includeInIndex = 0; path = WindowLensTests.xctest; sourceTree = BUILT_PRODUCTS_DIR; };
		7A8BD25C09D59564BBE63E8D /* AppTileView.swift */ = {isa = PBXFileReference; lastKnownFileType = sourcecode.swift; path = AppTileView.swift; sourceTree = "<group>"; };
		B4E08258B64673399D814024 /* CircularProgressRing.swift */ = {isa = PBXFileReference; lastKnownFileType = sourcecode.swift; path = CircularProgressRing.swift; sourceTree = "<group>"; };
		BAF871667971FE98A6B67BBA /* FuzzyMatcher.swift */ = {isa = PBXFileReference; lastKnownFileType = sourcecode.swift; path = FuzzyMatcher.swift; sourceTree = "<group>"; };
		BB9249671D07DFF1473F9781 /* WindowModel.swift */ = {isa = PBXFileReference; lastKnownFileType = sourcecode.swift; path = WindowModel.swift; sourceTree = "<group>"; };
		CD092CDD7E60592BDB2CCBA6 /* SearchBarView.swift */ = {isa = PBXFileReference; lastKnownFileType = sourcecode.swift; path = SearchBarView.swift; sourceTree = "<group>"; };
		CD49C36B2FC8CBB700E921C0 /* dev-relaunch.sh */ = {isa = PBXFileReference; lastKnownFileType = text.script.sh; path = "dev-relaunch.sh"; sourceTree = "<group>"; };
		CD49C36C2FC8E30900E921C0 /* DockProcessSwitcherObserver.swift */ = {isa = PBXFileReference; lastKnownFileType = sourcecode.swift; path = DockProcessSwitcherObserver.swift; sourceTree = "<group>"; };
		CD49C36E2FC8F89E00E921C0 /* PreviewIdentity.swift */ = {isa = PBXFileReference; lastKnownFileType = sourcecode.swift; path = PreviewIdentity.swift; sourceTree = "<group>"; };
		CD49C3702FCA149400E921C0 /* PermissionOnboardingViewModel.swift */ = {isa = PBXFileReference; lastKnownFileType = sourcecode.swift; path = PermissionOnboardingViewModel.swift; sourceTree = "<group>"; };
		CD49C3722FCA14A900E921C0 /* PermissionOnboardingView.swift */ = {isa = PBXFileReference; lastKnownFileType = sourcecode.swift; path = PermissionOnboardingView.swift; sourceTree = "<group>"; };
		CD49C3752FCA14AB00E921C0 /* WLLog.swift */ = {isa = PBXFileReference; lastKnownFileType = sourcecode.swift; path = WLLog.swift; sourceTree = "<group>"; };
		D399F35B0D527A537AA238C8 /* AppGridView.swift */ = {isa = PBXFileReference; lastKnownFileType = sourcecode.swift; path = AppGridView.swift; sourceTree = "<group>"; };
		D823A03FC81EF1179E0D8BA9 /* KeyboardEventTap.swift */ = {isa = PBXFileReference; lastKnownFileType = sourcecode.swift; path = KeyboardEventTap.swift; sourceTree = "<group>"; };
		DB98C7EC8C47A3A89E4293AF /* AppIcon.icns */ = {isa = PBXFileReference; lastKnownFileType = image.icns; path = AppIcon.icns; sourceTree = "<group>"; };
		EE2A205CFAFC6ABF061E4362 /* SearchResultsListView.swift */ = {isa = PBXFileReference; lastKnownFileType = sourcecode.swift; path = SearchResultsListView.swift; sourceTree = "<group>"; };
		F63A44ADB5EB2CB2B0E4E746 /* SwitcherPanel.swift */ = {isa = PBXFileReference; lastKnownFileType = sourcecode.swift; path = SwitcherPanel.swift; sourceTree = "<group>"; };
		F8EA6DF769431C0C5DDFC955 /* WindowRowView.swift */ = {isa = PBXFileReference; lastKnownFileType = sourcecode.swift; path = WindowRowView.swift; sourceTree = "<group>"; };
		FABD8057C72320563339BBD5 /* OllamaClient.swift */ = {isa = PBXFileReference; lastKnownFileType = sourcecode.swift; path = OllamaClient.swift; sourceTree = "<group>"; };
		FE222D814A9B0F3B619130C8 /* AppState.swift */ = {isa = PBXFileReference; lastKnownFileType = sourcecode.swift; path = AppState.swift; sourceTree = "<group>"; };
		FE39F65E2E0D04E61C150B84 /* Package.swift */ = {isa = PBXFileReference; lastKnownFileType = sourcecode.swift; path = Package.swift; sourceTree = "<group>"; };
		FE4D926371366F489FFD85F1 /* WindowSwitcher.swift */ = {isa = PBXFileReference; lastKnownFileType = sourcecode.swift; path = WindowSwitcher.swift; sourceTree = "<group>"; };
		FF8E5B954CA3BE01A7054453 /* ModifierKeyTracker.swift */ = {isa = PBXFileReference; lastKnownFileType = sourcecode.swift; path = ModifierKeyTracker.swift; sourceTree = "<group>"; };
/* End PBXFileReference section */

/* Begin PBXContainerItemProxy section */
		6A7B8C9D0E1F2031425364D /* PBXContainerItemProxy */ = {
			isa = PBXContainerItemProxy;
			containerPortal = 46F86FAA6BBF9AC94A7E4595 /* Project object */;
			proxyType = 1;
			remoteGlobalIDString = 2F0CECEB6033261F543B3511;
			remoteInfo = WindowLens;
		};
/* End PBXContainerItemProxy section */

/* Begin PBXCopyFilesBuildPhase section */
/* End PBXCopyFilesBuildPhase section */

/* Begin PBXFrameworksBuildPhase section */
		6A7B8C9D0E1F2031425364B /* Frameworks */ = {
			isa = PBXFrameworksBuildPhase;
			buildActionMask = 2147483647;
			files = (
			);
			runOnlyForDeploymentPostprocessing = 0;
		};
		804DB52E2955449D2F091C7E /* Frameworks */ = {
			isa = PBXFrameworksBuildPhase;
			buildActionMask = 2147483647;
			files = (
			);
			runOnlyForDeploymentPostprocessing = 0;
		};
/* End PBXFrameworksBuildPhase section */

/* Begin PBXGroup section */
		1BA2010E135034C7314B533F /* Services */ = {
			isa = PBXGroup;
			children = (
				BAF871667971FE98A6B67BBA /* FuzzyMatcher.swift */,
				FE4D926371366F489FFD85F1 /* WindowSwitcher.swift */,
				1A2B3C4D5E6F708192A3B4C /* WindowVisitHistory.swift */,
				1C2D3E4F5061728394A5B7 /* WindowUsageStore.swift */,
			);
			path = Services;
			sourceTree = "<group>";
		};
		0F50698043D65D9FA7B6B9C6 /* Power */ = {
			isa = PBXGroup;
			children = (
				E730416A2A4C58AC80A3C3F5 /* KeepAwakeDuration.swift */,
				5A02BF4685955D5CBB6CAFC7 /* PrivilegedPmsetRunner.swift */,
				CEDFBDCEEAFD5117B43A975A /* PmsetPrivilegeInstaller.swift */,
				243BCB38F31C53AEB8564280 /* KeepAwakeSafetyMonitor.swift */,
				21B4D485372F594BBDD82787 /* AgentActivityWatcher.swift */,
				D310B6E2303D56758A29C52A /* KeepAwakeManager.swift */,
			);
			path = Power;
			sourceTree = "<group>";
		};
		2B45388D5ABA3EE895A729C9 /* Core */ = {
			isa = PBXGroup;
			children = (
				0F50698043D65D9FA7B6B9C6 /* Power */,
				65D4F88D79A850EE24840A68 /* Accessibility */,
				81773DC40C945669DB298E21 /* EventTap */,
				CF7A164689F471E715BEFBB4 /* LLM */,
				F92BB9210E0695B9BF790CFC /* Permissions */,
				A312B3D3ABEBD018BC3BC8C7 /* WindowManagement */,
			);
			path = Core;
			sourceTree = "<group>";
		};
		CD49C3742FCA14AB00E921C0 /* Debug */ = {
			isa = PBXGroup;
			children = (
				CD49C3752FCA14AB00E921C0 /* WLLog.swift */,
			);
			path = Debug;
			sourceTree = "<group>";
		};
		2E7216D6F7E40D4774B4D5E3 /* Sources */ = {
			isa = PBXGroup;
			children = (
				5D5160E94470D6B2C7CA87DA /* App */,
				2B45388D5ABA3EE895A729C9 /* Core */,
				CD49C3742FCA14AB00E921C0 /* Debug */,
				95F42E9348ECC3DAE942E2A9 /* Models */,
				1BA2010E135034C7314B533F /* Services */,
				40B7248F01F2839A239D8046 /* UI */,
			);
			path = Sources;
			sourceTree = "<group>";
		};
		2F3A6B1E78F896718625FF06 /* Products */ = {
			isa = PBXGroup;
			children = (
				44D5452060360EC52161C078 /* WindowLens.app */,
				6A7B8C9D0E1F20314253648 /* WindowLensTests.xctest */,
			);
			name = Products;
			sourceTree = "<group>";
		};
		40B7248F01F2839A239D8046 /* UI */ = {
			isa = PBXGroup;
			children = (
				AD48EA824FAC29BECA796547 /* Components */,
				F60718293A4B5C6D7E8F901 /* Settings */,
				BE1F492DC1085BC4533108E3 /* SwitcherWindow */,
			);
			path = UI;
			sourceTree = "<group>";
		};
		F60718293A4B5C6D7E8F901 /* Settings */ = {
			isa = PBXGroup;
			children = (
				A1B2C3D4E5F60718293A4B5 /* SettingsRootView.swift */,
				B2C3D4E5F60718293A4B5C6 /* FeaturesSettingsView.swift */,
				C7D8E9FAB0C1D2E3F40516 /* PermissionsSettingsView.swift */,
				B3C4D5E6F60718293A4B5C7 /* DeadWindowsView.swift */,
				B4C5D6E7F60718293A4B5C8 /* HeatmapView.swift */,
				B5C6D7E8F60718293A4B5C9 /* HeatmapWindowConfigurator.swift */,
				B7C8D9E0F60718293A4B5CB /* DeadWindowsWindowConfigurator.swift */,
				B6C7D8E9F60718293A4B5CA /* HeatmapSettingsView.swift */,
				C3D4E5F60718293A4B5C6D7 /* ShortcutRecorderButton.swift */,
				D4E5F60718293A4B5C6D7E8 /* SettingsTabViews.swift */,
				6B7C8D9E0F1121314151617 /* SettingsWindowConfigurator.swift */,
				7C8D9E0F11213141516171 /* WindowSlotAssignmentSheet.swift */,
			);
			path = Settings;
			sourceTree = "<group>";
		};
		518DA81DB9B99529C0C0AEBE = {
			isa = PBXGroup;
			children = (
				BBCDD3774FE90505898EA382 /* WindowLens */,
				FE39F65E2E0D04E61C150B84 /* Package.swift */,
				DB98C7EC8C47A3A89E4293AF /* AppIcon.icns */,
				65C7FE39C23020BCF9989E36 /* generate-icon.swift */,
				CD49C36B2FC8CBB700E921C0 /* dev-relaunch.sh */,
				2F3A6B1E78F896718625FF06 /* Products */,
			);
			sourceTree = "<group>";
		};
		5D5160E94470D6B2C7CA87DA /* App */ = {
			isa = PBXGroup;
			children = (
				45B0C675B8CD00748D4C339F /* AppDelegate.swift */,
				FE222D814A9B0F3B619130C8 /* AppState.swift */,
				5944484C670B2047C9756146 /* WindowLensApp.swift */,
			);
			path = App;
			sourceTree = "<group>";
		};
		65D4F88D79A850EE24840A68 /* Accessibility */ = {
			isa = PBXGroup;
			children = (
				4C9A605EE7A5A11BC7D76F8A /* AXWindowHelper.swift */,
				WF0C0B54D6E2F40100A1B2C3 /* SpaceMissionOrder.swift */,
				WF0C0B50D6E2F40100A1B2C3 /* WindowFocusBridge.swift */,
				CD49C36C2FC8E30900E921C0 /* DockProcessSwitcherObserver.swift */,
			);
			path = Accessibility;
			sourceTree = "<group>";
		};
		68ADC7EDDE05A3A1D3828C08 /* Tests */ = {
			isa = PBXGroup;
			children = (
				69C2CC8A3992ED9799146F57 /* WindowLensTests.swift */,
			);
			path = Tests;
			sourceTree = "<group>";
		};
		81773DC40C945669DB298E21 /* EventTap */ = {
			isa = PBXGroup;
			children = (
				D823A03FC81EF1179E0D8BA9 /* KeyboardEventTap.swift */,
				FF8E5B954CA3BE01A7054453 /* ModifierKeyTracker.swift */,
			);
			path = EventTap;
			sourceTree = "<group>";
		};
		95F42E9348ECC3DAE942E2A9 /* Models */ = {
			isa = PBXGroup;
			children = (
				4429A92708777E9122C51FDD /* ApplicationModel.swift */,
				E5F60718293A4B5C6D7E8F9 /* KeyboardShortcutBinding.swift */,
				319162BA4FDF5C82AA38CAEA /* UserPreferences.swift */,
				BB9249671D07DFF1473F9781 /* WindowModel.swift */,
				4E5F60718293A4B5C6D7E8F /* WindowSlotOutcome.swift */,
				CD49C36E2FC8F89E00E921C0 /* PreviewIdentity.swift */,
			);
			path = Models;
			sourceTree = "<group>";
		};
		A312B3D3ABEBD018BC3BC8C7 /* WindowManagement */ = {
			isa = PBXGroup;
			children = (
				59A242FB207BE266B280D4F2 /* ProcessResourceMonitor.swift */,
				1E43D000BA543AF7D69C78F5 /* WindowCache.swift */,
				2C3D4E5F60718293A4B5C6D /* WindowNumberRegistry.swift */,
				44C04B4F3B756302E855D76F /* WindowEnumerator.swift */,
				57D4165D0E9E57A814445FBA /* WindowPreviewService.swift */,
			);
			path = WindowManagement;
			sourceTree = "<group>";
		};
		AD48EA824FAC29BECA796547 /* Components */ = {
			isa = PBXGroup;
			children = (
				A301B04810025ECE8A395E35 /* StayAwakeControlsView.swift */,
				8010B4705E6D594C8521253E /* StayAwakeChipView.swift */,
				D4F8A9C12B7E4056A1D93E77 /* MenuBarHoverButton.swift */,
				7A8BD25C09D59564BBE63E8D /* AppTileView.swift */,
				B4E08258B64673399D814024 /* CircularProgressRing.swift */,
				3F30A3155D9DB846F43F2B34 /* GlassBackground.swift */,
				2B3C4D5E6F708192A3B4C5D /* WindowHistoryHUD.swift */,
				08B313704DC040E4FAEFE403 /* ResourceMonitorView.swift */,
				F8EA6DF769431C0C5DDFC955 /* WindowRowView.swift */,
				3D4E5F60718293A4B5C6D7E /* WindowSlotBadge.swift */,
				5F60718293A4B5C6D7E8F90 /* WindowSlotHUD.swift */,
			);
			path = Components;
			sourceTree = "<group>";
		};
		BBCDD3774FE90505898EA382 /* WindowLens */ = {
			isa = PBXGroup;
			children = (
				2E7216D6F7E40D4774B4D5E3 /* Sources */,
				BE6442B66B438A8F591A4F75 /* Resources */,
				68ADC7EDDE05A3A1D3828C08 /* Tests */,
				5EB2E50392FFD5A5D5A660B4 /* Info.plist */,
				0B1D454865BA86143195A78A /* WindowLens.entitlements */,
			);
			path = WindowLens;
			sourceTree = "<group>";
		};
		BE1F492DC1085BC4533108E3 /* SwitcherWindow */ = {
			isa = PBXGroup;
			children = (
				D399F35B0D527A537AA238C8 /* AppGridView.swift */,
				CD092CDD7E60592BDB2CCBA6 /* SearchBarView.swift */,
				EE2A205CFAFC6ABF061E4362 /* SearchResultsListView.swift */,
				F63A44ADB5EB2CB2B0E4E746 /* SwitcherPanel.swift */,
				68539B9259FF9F54C4480455 /* SwitcherPanelManager.swift */,
				1016019BF84431C6A6F38F3C /* SwitcherView.swift */,
				520A3F505409ED23ED5C22A9 /* WindowListView.swift */,
			);
			path = SwitcherWindow;
			sourceTree = "<group>";
		};
		BE6442B66B438A8F591A4F75 /* Resources */ = {
			isa = PBXGroup;
			children = (
				686F81C9B7376DBDFD5E3C93 /* Assets.xcassets */,
			);
			path = Resources;
			sourceTree = "<group>";
		};
		CF7A164689F471E715BEFBB4 /* LLM */ = {
			isa = PBXGroup;
			children = (
				FABD8057C72320563339BBD5 /* OllamaClient.swift */,
			);
			path = LLM;
			sourceTree = "<group>";
		};
		F92BB9210E0695B9BF790CFC /* Permissions */ = {
			isa = PBXGroup;
			children = (
				1E028C9EC24B0418472AA627 /* PermissionManager.swift */,
				CD49C3702FCA149400E921C0 /* PermissionOnboardingViewModel.swift */,
				CD49C3722FCA14A900E921C0 /* PermissionOnboardingView.swift */,
			);
			path = Permissions;
			sourceTree = "<group>";
		};
/* End PBXGroup section */

/* Begin PBXNativeTarget section */
		2F0CECEB6033261F543B3511 /* WindowLens */ = {
			isa = PBXNativeTarget;
			buildConfigurationList = 7DA8F99CEAD30FAF9D20FF29 /* Build configuration list for PBXNativeTarget "WindowLens" */;
			buildPhases = (
				D8E2B34C6803A5DAEDA2CB7E /* Sources */,
				804DB52E2955449D2F091C7E /* Frameworks */,
				00513FA0CE487262D0410603 /* Resources */,
			);
			buildRules = (
			);
			dependencies = (
			);
			name = WindowLens;
			productName = WindowLens;
			productReference = 44D5452060360EC52161C078 /* WindowLens.app */;
			productType = "com.apple.product-type.application";
		};
		6A7B8C9D0E1F20314253647 /* WindowLensTests */ = {
			isa = PBXNativeTarget;
			buildConfigurationList = 6A7B8C9D0E1F2031425364E /* Build configuration list for PBXNativeTarget "WindowLensTests" */;
			buildPhases = (
				6A7B8C9D0E1F2031425364A /* Sources */,
				6A7B8C9D0E1F2031425364B /* Frameworks */,
			);
			buildRules = (
			);
			dependencies = (
				6A7B8C9D0E1F2031425364C /* PBXTargetDependency */,
			);
			name = WindowLensTests;
			productName = WindowLensTests;
			productReference = 6A7B8C9D0E1F20314253648 /* WindowLensTests.xctest */;
			productType = "com.apple.product-type.bundle.unit-test";
		};
/* End PBXNativeTarget section */

/* Begin PBXProject section */
		46F86FAA6BBF9AC94A7E4595 /* Project object */ = {
			isa = PBXProject;
			attributes = {
				BuildIndependentTargetsInParallel = 1;
				LastSwiftUpdateCheck = 2600;
				LastUpgradeCheck = 2600;
				TargetAttributes = {
					2F0CECEB6033261F543B3511 = {
						CreatedOnToolsVersion = 26.0;
						ProvisioningStyle = Automatic;
					};
					6A7B8C9D0E1F20314253647 = {
						CreatedOnToolsVersion = 26.0;
						ProvisioningStyle = Automatic;
						TestTargetID = 2F0CECEB6033261F543B3511;
					};
				};
			};
			buildConfigurationList = 8CB014CF6CC51EFAF0098F2A /* Build configuration list for PBXProject "WindowLens" */;
			compatibilityVersion = "Xcode 15.0";
			developmentRegion = en;
			hasScannedForEncodings = 0;
			knownRegions = (
				en,
				Base,
			);
			mainGroup = 518DA81DB9B99529C0C0AEBE;
			productRefGroup = 2F3A6B1E78F896718625FF06 /* Products */;
			projectDirPath = "";
			projectRoot = "";
			targets = (
				2F0CECEB6033261F543B3511 /* WindowLens */,
				6A7B8C9D0E1F20314253647 /* WindowLensTests */,
			);
		};
/* End PBXProject section */

/* Begin PBXResourcesBuildPhase section */
		00513FA0CE487262D0410603 /* Resources */ = {
			isa = PBXResourcesBuildPhase;
			buildActionMask = 2147483647;
			files = (
				ACF3E0CE2027FE0DA9A044F7 /* Assets.xcassets in Resources */,
				D28DD456AD806A4E4BD919AF /* AppIcon.icns in Resources */,
			);
			runOnlyForDeploymentPostprocessing = 0;
		};
/* End PBXResourcesBuildPhase section */

/* Begin PBXSourcesBuildPhase section */
		6A7B8C9D0E1F2031425364A /* Sources */ = {
			isa = PBXSourcesBuildPhase;
			buildActionMask = 2147483647;
			files = (
				6A7B8C9D0E1F20314253649 /* WindowLensTests.swift in Sources */,
			);
			runOnlyForDeploymentPostprocessing = 0;
		};
		D8E2B34C6803A5DAEDA2CB7E /* Sources */ = {
			isa = PBXSourcesBuildPhase;
			buildActionMask = 2147483647;
			files = (
				CD49C3762FCA14AB00E921C0 /* WLLog.swift in Sources */,
				AF313ACAFA58581FAE8A2687 /* KeepAwakeDuration.swift in Sources */,
				2E62F018CCD55F9FB4011873 /* PrivilegedPmsetRunner.swift in Sources */,
				2FE09606E8F751E7A19A7B3A /* PmsetPrivilegeInstaller.swift in Sources */,
				CBAAB3EA0CC95FCC97695DC5 /* KeepAwakeSafetyMonitor.swift in Sources */,
				1DA37202228552758770A874 /* AgentActivityWatcher.swift in Sources */,
				30771A439BA359D8916413CF /* KeepAwakeManager.swift in Sources */,
				BBBB4C50637B55E49608F66B /* StayAwakeControlsView.swift in Sources */,
				843BE8CCB161590C964C8E31 /* StayAwakeChipView.swift in Sources */,
				C7A1E2B04D9F4188A6E31C20 /* MenuBarHoverButton.swift in Sources */,
				9EC4D1A473C5AF596C3DA409 /* AppDelegate.swift in Sources */,
				FCBE066DB7D0E9CD8C45D201 /* AppState.swift in Sources */,
				774E5EC3EB80A43B0E8FABB2 /* WindowLensApp.swift in Sources */,
				C3610C149F5507A74D22654F /* AXWindowHelper.swift in Sources */,
				WF0C0B55D6E2F40100A1B2C3 /* SpaceMissionOrder.swift in Sources */,
				WF0C0B51D6E2F40100A1B2C3 /* WindowFocusBridge.swift in Sources */,
				AF0AFD2C17472D0530CE75E3 /* KeyboardEventTap.swift in Sources */,
				634377283106F541F1F85290 /* ModifierKeyTracker.swift in Sources */,
				CD49C3712FCA149400E921C0 /* PermissionOnboardingViewModel.swift in Sources */,
				D95155DC059D1EF5C943FAE3 /* OllamaClient.swift in Sources */,
				0F1808F8FD199FE89121B7CC /* PermissionManager.swift in Sources */,
				EABA9C55A9C0853604140D22 /* ProcessResourceMonitor.swift in Sources */,
				0931EEC0C52390AE9E797073 /* WindowCache.swift in Sources */,
				0C2D3E4F5061728394A5B6C /* WindowNumberRegistry.swift in Sources */,
				299C6ED5ECEDFAC5D78EB1E4 /* WindowEnumerator.swift in Sources */,
				207A2B9D93B266930E9C294E /* WindowPreviewService.swift in Sources */,
				4A4F9AACC771955C7D353523 /* ApplicationModel.swift in Sources */,
				33B599227A0EC5498D535D87 /* UserPreferences.swift in Sources */,
				0E4F5061728394A5B6C7D8E /* WindowSlotOutcome.swift in Sources */,
				CD49C3732FCA14A900E921C0 /* PermissionOnboardingView.swift in Sources */,
				223D0687DB4E0155E2EF225C /* WindowModel.swift in Sources */,
				A78BBBEFFB3B8A0F64D87CF1 /* FuzzyMatcher.swift in Sources */,
				0930A02223CF1F9B042D557B /* WindowSwitcher.swift in Sources */,
				0A1B2C3D4E5F60718293A4B /* WindowVisitHistory.swift in Sources */,
				0B1C2D3E4F5061728394A6B /* WindowUsageStore.swift in Sources */,
				0B1C2D3E4F5061728394A5B /* WindowHistoryHUD.swift in Sources */,
				105061728394A5B6C7D8E9FA /* SettingsRootView.swift in Sources */,
				1161728394A5B6C7D8E9FAB /* FeaturesSettingsView.swift in Sources */,
				11C7D8E9FAB0C1D2E3F405 /* PermissionsSettingsView.swift in Sources */,
				11728394A5B6C7D8E9FAB0C /* DeadWindowsView.swift in Sources */,
				118394A5B6C7D8E9FAB0C1D /* HeatmapView.swift in Sources */,
				1194A5B6C7D8E9FAB0C1D2E /* HeatmapWindowConfigurator.swift in Sources */,
				11B6C7D8E9FAB0C1D2E3F4 /* DeadWindowsWindowConfigurator.swift in Sources */,
				11A5B6C7D8E9FAB0C1D2E3F /* HeatmapSettingsView.swift in Sources */,
				12728394A5B6C7D8E9FAB0 /* ShortcutRecorderButton.swift in Sources */,
				138394A5B6C7D8E9FAB012 /* SettingsTabViews.swift in Sources */,
				15A5B6C7D8E9FAB0123456 /* SettingsWindowConfigurator.swift in Sources */,
				16B6C7D8E9FAB012345678 /* WindowSlotAssignmentSheet.swift in Sources */,
				1494A5B6C7D8E9FAB01234 /* KeyboardShortcutBinding.swift in Sources */,
				2D6470F3FB0E0265CE885B91 /* AppTileView.swift in Sources */,
				D93681A52B15106EFD23A136 /* CircularProgressRing.swift in Sources */,
				AECA69A969D0BF2D11EA568B /* GlassBackground.swift in Sources */,
				C915A37C47AD4E15AF2E7B05 /* ResourceMonitorView.swift in Sources */,
				CD49C36F2FC8F89E00E921C0 /* PreviewIdentity.swift in Sources */,
				15B3B8F46D582E01317A2FF7 /* WindowRowView.swift in Sources */,
				0D3E4F5061728394A5B6C7D /* WindowSlotBadge.swift in Sources */,
				0F5061728394A5B6C7D8E9F /* WindowSlotHUD.swift in Sources */,
				84BC301C10F29D18980E96A5 /* AppGridView.swift in Sources */,
				CD49C36D2FC8E30900E921C0 /* DockProcessSwitcherObserver.swift in Sources */,
				8A1330565C0C617C5847D6C6 /* SearchBarView.swift in Sources */,
				762E887BB320487D408DB72A /* SearchResultsListView.swift in Sources */,
				2DF710A816A757B1B1CCC720 /* SwitcherPanel.swift in Sources */,
				50163D671F411C729E61E6E2 /* SwitcherPanelManager.swift in Sources */,
				AE1E924BEEE8458B7744FCB1 /* SwitcherView.swift in Sources */,
				B1E79636147A9890613055F6 /* WindowListView.swift in Sources */,
			);
			runOnlyForDeploymentPostprocessing = 0;
		};
/* End PBXSourcesBuildPhase section */

/* Begin PBXTargetDependency section */
		6A7B8C9D0E1F2031425364C /* PBXTargetDependency */ = {
			isa = PBXTargetDependency;
			target = 2F0CECEB6033261F543B3511 /* WindowLens */;
			targetProxy = 6A7B8C9D0E1F2031425364D /* PBXContainerItemProxy */;
		};
/* End PBXTargetDependency section */

/* Begin XCBuildConfiguration section */
		3DDF142C91E4BE3A6BA5A69E /* Release */ = {
			isa = XCBuildConfiguration;
			buildSettings = {
				CODE_SIGN_ENTITLEMENTS = WindowLens/WindowLens.entitlements;
				CODE_SIGN_IDENTITY = "Apple Development";
				"CODE_SIGN_IDENTITY[sdk=macosx*]" = "Apple Development";
				CODE_SIGN_STYLE = Automatic;
				COMBINE_HIDPI_IMAGES = YES;
				CURRENT_PROJECT_VERSION = 1;
				DEVELOPMENT_TEAM = 2H4922DF8G;
				ENABLE_HARDENED_RUNTIME = YES;
				ENABLE_PREVIEWS = YES;
				GENERATE_INFOPLIST_FILE = NO;
				INFOPLIST_FILE = WindowLens/Info.plist;
				INFOPLIST_KEY_LSApplicationCategoryType = "public.app-category.productivity";
				LD_RUNPATH_SEARCH_PATHS = (
					"$(inherited)",
					"@executable_path/../Frameworks",
				);
				MACOSX_DEPLOYMENT_TARGET = 26.0;
				MARKETING_VERSION = 1.0;
				PRODUCT_BUNDLE_IDENTIFIER = com.chakshujain.windowlens;
				PRODUCT_NAME = "$(TARGET_NAME)";
				PROVISIONING_PROFILE_SPECIFIER = "";
				SDKROOT = macosx;
				SUPPORTED_PLATFORMS = macosx;
				SWIFT_EMIT_LOC_STRINGS = YES;
				SWIFT_VERSION = 6.0;
			};
			name = Release;
		};
		4A43692AD8BCEEB8B727C85B /* Debug */ = {
			isa = XCBuildConfiguration;
			buildSettings = {
				ALWAYS_SEARCH_USER_PATHS = NO;
				CLANG_ANALYZER_NONNULL = YES;
				CLANG_ANALYZER_NUMBER_OBJECT_CONVERSION = YES_AGGRESSIVE;
				CLANG_CXX_LANGUAGE_STANDARD = "gnu++20";
				CLANG_ENABLE_MODULES = YES;
				CLANG_ENABLE_OBJC_ARC = YES;
				CLANG_WARN_BLOCK_CAPTURE_AUTORELEASING = YES;
				CLANG_WARN_BOOL_CONVERSION = YES;
				CLANG_WARN_COMMA = YES;
				CLANG_WARN_CONSTANT_CONVERSION = YES;
				CLANG_WARN_DEPRECATED_OBJC_IMPLEMENTATIONS = YES;
				CLANG_WARN_DIRECT_OBJC_ISA_USAGE = YES_ERROR;
				CLANG_WARN_DOCUMENTATION_COMMENTS = YES;
				CLANG_WARN_EMPTY_BODY = YES;
				CLANG_WARN_ENUM_CONVERSION = YES;
				CLANG_WARN_INFINITE_RECURSION = YES;
				CLANG_WARN_INT_CONVERSION = YES;
				CLANG_WARN_NON_LITERAL_NULL_CONVERSION = YES;
				CLANG_WARN_OBJC_IMPLICIT_RETAIN_SELF = YES;
				CLANG_WARN_OBJC_LITERAL_CONVERSION = YES;
				CLANG_WARN_OBJC_ROOT_CLASS = YES_ERROR;
				CLANG_WARN_QUOTED_INCLUDE_IN_FRAMEWORK_HEADER = YES;
				CLANG_WARN_RANGE_LOOP_ANALYSIS = YES;
				CLANG_WARN_STRICT_PROTOTYPES = YES;
				CLANG_WARN_SUSPICIOUS_MOVE = YES;
				CLANG_WARN_UNGUARDED_AVAILABILITY = YES_AGGRESSIVE;
				CLANG_WARN_UNREACHABLE_CODE = YES;
				CLANG_WARN__DUPLICATE_METHOD_MATCH = YES;
				COPY_PHASE_STRIP = NO;
				DEBUG_INFORMATION_FORMAT = dwarf;
				ENABLE_STRICT_OBJC_MSGSEND = YES;
				ENABLE_TESTABILITY = YES;
				GCC_C_LANGUAGE_STANDARD = gnu17;
				GCC_DYNAMIC_NO_PIC = NO;
				GCC_NO_COMMON_BLOCKS = YES;
				GCC_OPTIMIZATION_LEVEL = 0;
				GCC_PREPROCESSOR_DEFINITIONS = (
					"DEBUG=1",
					"$(inherited)",
				);
				GCC_WARN_64_TO_32_BIT_CONVERSION = YES;
				GCC_WARN_ABOUT_RETURN_TYPE = YES_ERROR;
				GCC_WARN_UNDECLARED_SELECTOR = YES;
				GCC_WARN_UNINITIALIZED_AUTOS = YES_AGGRESSIVE;
				GCC_WARN_UNUSED_FUNCTION = YES;
				GCC_WARN_UNUSED_VARIABLE = YES;
				LOCALIZATION_PREFERS_STRING_CATALOGS = YES;
				MACOSX_DEPLOYMENT_TARGET = 26.0;
				MTL_ENABLE_DEBUG_INFO = INCLUDE_SOURCE;
				MTL_FAST_MATH = YES;
				ONLY_ACTIVE_ARCH = YES;
				SDKROOT = macosx;
				SWIFT_ACTIVE_COMPILATION_CONDITIONS = "DEBUG $(inherited)";
				SWIFT_OPTIMIZATION_LEVEL = "-Onone";
			};
			name = Debug;
		};
		4D8F6610AF6606489ED8DFBC /* Debug */ = {
			isa = XCBuildConfiguration;
			buildSettings = {
				CODE_SIGN_ENTITLEMENTS = WindowLens/WindowLens.entitlements;
				CODE_SIGN_IDENTITY = "Apple Development";
				"CODE_SIGN_IDENTITY[sdk=macosx*]" = "Apple Development";
				CODE_SIGN_STYLE = Automatic;
				COMBINE_HIDPI_IMAGES = YES;
				CURRENT_PROJECT_VERSION = 1;
				DEVELOPMENT_TEAM = 2H4922DF8G;
				ENABLE_HARDENED_RUNTIME = YES;
				ENABLE_PREVIEWS = YES;
				GENERATE_INFOPLIST_FILE = NO;
				INFOPLIST_FILE = WindowLens/Info.plist;
				INFOPLIST_KEY_LSApplicationCategoryType = "public.app-category.productivity";
				LD_RUNPATH_SEARCH_PATHS = (
					"$(inherited)",
					"@executable_path/../Frameworks",
				);
				MACOSX_DEPLOYMENT_TARGET = 26.0;
				MARKETING_VERSION = 1.0;
				PRODUCT_BUNDLE_IDENTIFIER = com.chakshujain.windowlens;
				PRODUCT_NAME = "$(TARGET_NAME)";
				PROVISIONING_PROFILE_SPECIFIER = "";
				SDKROOT = macosx;
				SUPPORTED_PLATFORMS = macosx;
				SWIFT_EMIT_LOC_STRINGS = YES;
				SWIFT_VERSION = 6.0;
			};
			name = Debug;
		};
		C28449456A5A705A7479770B /* Release */ = {
			isa = XCBuildConfiguration;
			buildSettings = {
				ALWAYS_SEARCH_USER_PATHS = NO;
				CLANG_ANALYZER_NONNULL = YES;
				CLANG_ANALYZER_NUMBER_OBJECT_CONVERSION = YES_AGGRESSIVE;
				CLANG_CXX_LANGUAGE_STANDARD = "gnu++20";
				CLANG_ENABLE_MODULES = YES;
				CLANG_ENABLE_OBJC_ARC = YES;
				CLANG_WARN_BLOCK_CAPTURE_AUTORELEASING = YES;
				CLANG_WARN_BOOL_CONVERSION = YES;
				CLANG_WARN_COMMA = YES;
				CLANG_WARN_CONSTANT_CONVERSION = YES;
				CLANG_WARN_DEPRECATED_OBJC_IMPLEMENTATIONS = YES;
				CLANG_WARN_DIRECT_OBJC_ISA_USAGE = YES_ERROR;
				CLANG_WARN_DOCUMENTATION_COMMENTS = YES;
				CLANG_WARN_EMPTY_BODY = YES;
				CLANG_WARN_ENUM_CONVERSION = YES;
				CLANG_WARN_INFINITE_RECURSION = YES;
				CLANG_WARN_INT_CONVERSION = YES;
				CLANG_WARN_NON_LITERAL_NULL_CONVERSION = YES;
				CLANG_WARN_OBJC_IMPLICIT_RETAIN_SELF = YES;
				CLANG_WARN_OBJC_LITERAL_CONVERSION = YES;
				CLANG_WARN_OBJC_ROOT_CLASS = YES_ERROR;
				CLANG_WARN_QUOTED_INCLUDE_IN_FRAMEWORK_HEADER = YES;
				CLANG_WARN_RANGE_LOOP_ANALYSIS = YES;
				CLANG_WARN_STRICT_PROTOTYPES = YES;
				CLANG_WARN_SUSPICIOUS_MOVE = YES;
				CLANG_WARN_UNGUARDED_AVAILABILITY = YES_AGGRESSIVE;
				CLANG_WARN_UNREACHABLE_CODE = YES;
				CLANG_WARN__DUPLICATE_METHOD_MATCH = YES;
				COPY_PHASE_STRIP = YES;
				DEBUG_INFORMATION_FORMAT = "dwarf-with-dsym";
				ENABLE_STRICT_OBJC_MSGSEND = YES;
				ENABLE_TESTABILITY = NO;
				GCC_C_LANGUAGE_STANDARD = gnu17;
				GCC_DYNAMIC_NO_PIC = NO;
				GCC_NO_COMMON_BLOCKS = YES;
				GCC_WARN_64_TO_32_BIT_CONVERSION = YES;
				GCC_WARN_ABOUT_RETURN_TYPE = YES_ERROR;
				GCC_WARN_UNDECLARED_SELECTOR = YES;
				GCC_WARN_UNINITIALIZED_AUTOS = YES_AGGRESSIVE;
				GCC_WARN_UNUSED_FUNCTION = YES;
				GCC_WARN_UNUSED_VARIABLE = YES;
				LOCALIZATION_PREFERS_STRING_CATALOGS = YES;
				MACOSX_DEPLOYMENT_TARGET = 26.0;
				MTL_ENABLE_DEBUG_INFO = NO;
				MTL_FAST_MATH = YES;
				SDKROOT = macosx;
				SWIFT_COMPILATION_MODE = wholemodule;
				SWIFT_OPTIMIZATION_LEVEL = "-O";
			};
			name = Release;
		};
		6A7B8C9D0E1F2031425364F /* Debug */ = {
			isa = XCBuildConfiguration;
			buildSettings = {
				BUNDLE_LOADER = "$(TEST_HOST)";
				CODE_SIGN_STYLE = Automatic;
				CURRENT_PROJECT_VERSION = 1;
				DEVELOPMENT_TEAM = 2H4922DF8G;
				GENERATE_INFOPLIST_FILE = YES;
				LD_RUNPATH_SEARCH_PATHS = (
					"$(inherited)",
					"@executable_path/../Frameworks",
					"@loader_path/../Frameworks",
				);
				MACOSX_DEPLOYMENT_TARGET = 26.0;
				MARKETING_VERSION = 1.0;
				PRODUCT_BUNDLE_IDENTIFIER = com.chakshujain.windowlens.tests;
				PRODUCT_NAME = "$(TARGET_NAME)";
				SDKROOT = macosx;
				SWIFT_VERSION = 6.0;
				TEST_HOST = "$(BUILT_PRODUCTS_DIR)/WindowLens.app/Contents/MacOS/WindowLens";
			};
			name = Debug;
		};
		6A7B8C9D0E1F20314253650 /* Release */ = {
			isa = XCBuildConfiguration;
			buildSettings = {
				BUNDLE_LOADER = "$(TEST_HOST)";
				CODE_SIGN_STYLE = Automatic;
				CURRENT_PROJECT_VERSION = 1;
				DEVELOPMENT_TEAM = 2H4922DF8G;
				GENERATE_INFOPLIST_FILE = YES;
				LD_RUNPATH_SEARCH_PATHS = (
					"$(inherited)",
					"@executable_path/../Frameworks",
					"@loader_path/../Frameworks",
				);
				MACOSX_DEPLOYMENT_TARGET = 26.0;
				MARKETING_VERSION = 1.0;
				PRODUCT_BUNDLE_IDENTIFIER = com.chakshujain.windowlens.tests;
				PRODUCT_NAME = "$(TARGET_NAME)";
				SDKROOT = macosx;
				SWIFT_VERSION = 6.0;
				TEST_HOST = "$(BUILT_PRODUCTS_DIR)/WindowLens.app/Contents/MacOS/WindowLens";
			};
			name = Release;
		};
/* End XCBuildConfiguration section */

/* Begin XCConfigurationList section */
		6A7B8C9D0E1F2031425364E /* Build configuration list for PBXNativeTarget "WindowLensTests" */ = {
			isa = XCConfigurationList;
			buildConfigurations = (
				6A7B8C9D0E1F2031425364F /* Debug */,
				6A7B8C9D0E1F20314253650 /* Release */,
			);
			defaultConfigurationIsVisible = 0;
			defaultConfigurationName = Release;
		};
		7DA8F99CEAD30FAF9D20FF29 /* Build configuration list for PBXNativeTarget "WindowLens" */ = {
			isa = XCConfigurationList;
			buildConfigurations = (
				4D8F6610AF6606489ED8DFBC /* Debug */,
				3DDF142C91E4BE3A6BA5A69E /* Release */,
			);
			defaultConfigurationIsVisible = 0;
			defaultConfigurationName = Release;
		};
		8CB014CF6CC51EFAF0098F2A /* Build configuration list for PBXProject "WindowLens" */ = {
			isa = XCConfigurationList;
			buildConfigurations = (
				4A43692AD8BCEEB8B727C85B /* Debug */,
				C28449456A5A705A7479770B /* Release */,
			);
			defaultConfigurationIsVisible = 0;
			defaultConfigurationName = Release;
		};
/* End XCConfigurationList section */
	};
	rootObject = 46F86FAA6BBF9AC94A7E4595 /* Project object */;
}
